// !$*UTF8*$!
{
	archiveVersion = 1;
	classes = {
	};
	objectVersion = 46;
	objects = {

/* Begin PBXBuildFile section */
		65A9A63F1BF8D00D00E00343 /* CreatNewHabitViewController.swift in Sources */ = {isa = PBXBuildFile; fileRef = 65A9A63E1BF8D00D00E00343 /* CreatNewHabitViewController.swift */; };
		65B545911BF4C51A00EFB519 /* loginIn.png in Resources */ = {isa = PBXBuildFile; fileRef = 65B545901BF4C51A00EFB519 /* loginIn.png */; };
		65B545951BF4C94C00EFB519 /* GrapAnalysisViewController.swift in Sources */ = {isa = PBXBuildFile; fileRef = 65B545941BF4C94C00EFB519 /* GrapAnalysisViewController.swift */; };
		65D56B831BF48E52007286CE /* AppDelegate.swift in Sources */ = {isa = PBXBuildFile; fileRef = 65D56B821BF48E52007286CE /* AppDelegate.swift */; };
		65D56B8A1BF48E52007286CE /* Assets.xcassets in Resources */ = {isa = PBXBuildFile; fileRef = 65D56B891BF48E52007286CE /* Assets.xcassets */; };
		65D56B8D1BF48E52007286CE /* LaunchScreen.storyboard in Resources */ = {isa = PBXBuildFile; fileRef = 65D56B8B1BF48E52007286CE /* LaunchScreen.storyboard */; };
		65D56B981BF48E52007286CE /* CustomToolsTests.swift in Sources */ = {isa = PBXBuildFile; fileRef = 65D56B971BF48E52007286CE /* CustomToolsTests.swift */; };
		65D56BA31BF48E52007286CE /* CustomToolsUITests.swift in Sources */ = {isa = PBXBuildFile; fileRef = 65D56BA21BF48E52007286CE /* CustomToolsUITests.swift */; };
		65D56BB21BF49179007286CE /* SignInViewController.swift in Sources */ = {isa = PBXBuildFile; fileRef = 65D56BB11BF49179007286CE /* SignInViewController.swift */; };
		65D56BB51BF49502007286CE /* SignInView.swift in Sources */ = {isa = PBXBuildFile; fileRef = 65D56BB41BF49502007286CE /* SignInView.swift */; };
/* End PBXBuildFile section */

/* Begin PBXContainerItemProxy section */
		65D56B941BF48E52007286CE /* PBXContainerItemProxy */ = {
			isa = PBXContainerItemProxy;
			containerPortal = 65D56B771BF48E52007286CE /* Project object */;
			proxyType = 1;
			remoteGlobalIDString = 65D56B7E1BF48E52007286CE;
			remoteInfo = CustomTools;
		};
		65D56B9F1BF48E52007286CE /* PBXContainerItemProxy */ = {
			isa = PBXContainerItemProxy;
			containerPortal = 65D56B771BF48E52007286CE /* Project object */;
			proxyType = 1;
			remoteGlobalIDString = 65D56B7E1BF48E52007286CE;
			remoteInfo = CustomTools;
		};
/* End PBXContainerItemProxy section */

/* Begin PBXFileReference section */
		65A9A63E1BF8D00D00E00343 /* CreatNewHabitViewController.swift */ = {isa = PBXFileReference; fileEncoding = 4; lastKnownFileType = sourcecode.swift; path = CreatNewHabitViewController.swift; sourceTree = "<group>"; };
		65B545901BF4C51A00EFB519 /* loginIn.png */ = {isa = PBXFileReference; lastKnownFileType = image.png; path = loginIn.png; sourceTree = "<group>"; };
		65B545941BF4C94C00EFB519 /* GrapAnalysisViewController.swift */ = {isa = PBXFileReference; fileEncoding = 4; lastKnownFileType = sourcecode.swift; path = GrapAnalysisViewController.swift; sourceTree = "<group>"; };
		65D56B7F1BF48E52007286CE /* CustomTools.app */ = {isa = PBXFileReference; explicitFileType = wrapper.application; includeInIndex = 0; path = CustomTools.app; sourceTree = BUILT_PRODUCTS_DIR; };
		65D56B821BF48E52007286CE /* AppDelegate.swift */ = {isa = PBXFileReference; lastKnownFileType = sourcecode.swift; path = AppDelegate.swift; sourceTree = "<group>"; };
		65D56B891BF48E52007286CE /* Assets.xcassets */ = {isa = PBXFileReference; lastKnownFileType = folder.assetcatalog; path = Assets.xcassets; sourceTree = "<group>"; };
		65D56B8C1BF48E52007286CE /* Base */ = {isa = PBXFileReference; lastKnownFileType = file.storyboard; name = Base; path = Base.lproj/LaunchScreen.storyboard; sourceTree = "<group>"; };
		65D56B8E1BF48E52007286CE /* Info.plist */ = {isa = PBXFileReference; lastKnownFileType = text.plist.xml; path = Info.plist; sourceTree = "<group>"; };
		65D56B931BF48E52007286CE /* CustomToolsTests.xctest */ = {isa = PBXFileReference; explicitFileType = wrapper.cfbundle; includeInIndex = 0; path = CustomToolsTests.xctest; sourceTree = BUILT_PRODUCTS_DIR; };
		65D56B971BF48E52007286CE /* CustomToolsTests.swift */ = {isa = PBXFileReference; lastKnownFileType = sourcecode.swift; path = CustomToolsTests.swift; sourceTree = "<group>"; };
		65D56B991BF48E52007286CE /* Info.plist */ = {isa = PBXFileReference; lastKnownFileType = text.plist.xml; path = Info.plist; sourceTree = "<group>"; };
		65D56B9E1BF48E52007286CE /* CustomToolsUITests.xctest */ = {isa = PBXFileReference; explicitFileType = wrapper.cfbundle; includeInIndex = 0; path = CustomToolsUITests.xctest; sourceTree = BUILT_PRODUCTS_DIR; };
		65D56BA21BF48E52007286CE /* CustomToolsUITests.swift */ = {isa = PBXFileReference; lastKnownFileType = sourcecode.swift; path = CustomToolsUITests.swift; sourceTree = "<group>"; };
		65D56BA41BF48E52007286CE /* Info.plist */ = {isa = PBXFileReference; lastKnownFileType = text.plist.xml; path = Info.plist; sourceTree = "<group>"; };
		65D56BB11BF49179007286CE /* SignInViewController.swift */ = {isa = PBXFileReference; fileEncoding = 4; lastKnownFileType = sourcecode.swift; path = SignInViewController.swift; sourceTree = "<group>"; };
		65D56BB41BF49502007286CE /* SignInView.swift */ = {isa = PBXFileReference; fileEncoding = 4; lastKnownFileType = sourcecode.swift; path = SignInView.swift; sourceTree = "<group>"; };
/* End PBXFileReference section */

/* Begin PBXFrameworksBuildPhase section */
		65D56B7C1BF48E52007286CE /* Frameworks */ = {
			isa = PBXFrameworksBuildPhase;
			buildActionMask = 2147483647;
			files = (
			);
			runOnlyForDeploymentPostprocessing = 0;
		};
		65D56B901BF48E52007286CE /* Frameworks */ = {
			isa = PBXFrameworksBuildPhase;
			buildActionMask = 2147483647;
			files = (
			);
			runOnlyForDeploymentPostprocessing = 0;
		};
		65D56B9B1BF48E52007286CE /* Frameworks */ = {
			isa = PBXFrameworksBuildPhase;
			buildActionMask = 2147483647;
			files = (
			);
			runOnlyForDeploymentPostprocessing = 0;
		};
/* End PBXFrameworksBuildPhase section */

/* Begin PBXGroup section */
		65B5458F1BF4C51A00EFB519 /* images */ = {
			isa = PBXGroup;
			children = (
				65B545901BF4C51A00EFB519 /* loginIn.png */,
			);
			path = images;
			sourceTree = "<group>";
		};
		65D56B761BF48E52007286CE = {
			isa = PBXGroup;
			children = (
				65D56B811BF48E52007286CE /* CustomTools */,
				65D56B961BF48E52007286CE /* CustomToolsTests */,
				65D56BA11BF48E52007286CE /* CustomToolsUITests */,
				65D56B801BF48E52007286CE /* Products */,
			);
			sourceTree = "<group>";
		};
		65D56B801BF48E52007286CE /* Products */ = {
			isa = PBXGroup;
			children = (
				65D56B7F1BF48E52007286CE /* CustomTools.app */,
				65D56B931BF48E52007286CE /* CustomToolsTests.xctest */,
				65D56B9E1BF48E52007286CE /* CustomToolsUITests.xctest */,
			);
			name = Products;
			sourceTree = "<group>";
		};
		65D56B811BF48E52007286CE /* CustomTools */ = {
			isa = PBXGroup;
			children = (
				65B5458F1BF4C51A00EFB519 /* images */,
				65D56BB31BF494E2007286CE /* View */,
				65D56BB01BF490FA007286CE /* ViewController */,
				65D56B821BF48E52007286CE /* AppDelegate.swift */,
				65D56B891BF48E52007286CE /* Assets.xcassets */,
				65D56B8B1BF48E52007286CE /* LaunchScreen.storyboard */,
				65D56B8E1BF48E52007286CE /* Info.plist */,
			);
			path = CustomTools;
			sourceTree = "<group>";
		};
		65D56B961BF48E52007286CE /* CustomToolsTests */ = {
			isa = PBXGroup;
			children = (
				65D56B971BF48E52007286CE /* CustomToolsTests.swift */,
				65D56B991BF48E52007286CE /* Info.plist */,
			);
			path = CustomToolsTests;
			sourceTree = "<group>";
		};
		65D56BA11BF48E52007286CE /* CustomToolsUITests */ = {
			isa = PBXGroup;
			children = (
				65D56BA21BF48E52007286CE /* CustomToolsUITests.swift */,
				65D56BA41BF48E52007286CE /* Info.plist */,
			);
			path = CustomToolsUITests;
			sourceTree = "<group>";
		};
		65D56BB01BF490FA007286CE /* ViewController */ = {
			isa = PBXGroup;
			children = (
				65D56BB11BF49179007286CE /* SignInViewController.swift */,
				65B545941BF4C94C00EFB519 /* GrapAnalysisViewController.swift */,
				65A9A63E1BF8D00D00E00343 /* CreatNewHabitViewController.swift */,
			);
			name = ViewController;
			sourceTree = "<group>";
		};
		65D56BB31BF494E2007286CE /* View */ = {
			isa = PBXGroup;
			children = (
				65D56BB41BF49502007286CE /* SignInView.swift */,
			);
			name = View;
			sourceTree = "<group>";
		};
/* End PBXGroup section */

/* Begin PBXNativeTarget section */
		65D56B7E1BF48E52007286CE /* CustomTools */ = {
			isa = PBXNativeTarget;
			buildConfigurationList = 65D56BA71BF48E52007286CE /* Build configuration list for PBXNativeTarget "CustomTools" */;
			buildPhases = (
				65D56B7B1BF48E52007286CE /* Sources */,
				65D56B7C1BF48E52007286CE /* Frameworks */,
				65D56B7D1BF48E52007286CE /* Resources */,
			);
			buildRules = (
			);
			dependencies = (
			);
			name = CustomTools;
			productName = CustomTools;
			productReference = 65D56B7F1BF48E52007286CE /* CustomTools.app */;
			productType = "com.apple.product-type.application";
		};
		65D56B921BF48E52007286CE /* CustomToolsTests */ = {
			isa = PBXNativeTarget;
			buildConfigurationList = 65D56BAA1BF48E52007286CE /* Build configuration list for PBXNativeTarget "CustomToolsTests" */;
			buildPhases = (
				65D56B8F1BF48E52007286CE /* Sources */,
				65D56B901BF48E52007286CE /* Frameworks */,
				65D56B911BF48E52007286CE /* Resources */,
			);
			buildRules = (
			);
			dependencies = (
				65D56B951BF48E52007286CE /* PBXTargetDependency */,
			);
			name = CustomToolsTests;
			productName = CustomToolsTests;
			productReference = 65D56B931BF48E52007286CE /* CustomToolsTests.xctest */;
			productType = "com.apple.product-type.bundle.unit-test";
		};
		65D56B9D1BF48E52007286CE /* CustomToolsUITests */ = {
			isa = PBXNativeTarget;
			buildConfigurationList = 65D56BAD1BF48E52007286CE /* Build configuration list for PBXNativeTarget "CustomToolsUITests" */;
			buildPhases = (
				65D56B9A1BF48E52007286CE /* Sources */,
				65D56B9B1BF48E52007286CE /* Frameworks */,
				65D56B9C1BF48E52007286CE /* Resources */,
			);
			buildRules = (
			);
			dependencies = (
				65D56BA01BF48E52007286CE /* PBXTargetDependency */,
			);
			name = CustomToolsUITests;
			productName = CustomToolsUITests;
			productReference = 65D56B9E1BF48E52007286CE /* CustomToolsUITests.xctest */;
			productType = "com.apple.product-type.bundle.ui-testing";
		};
/* End PBXNativeTarget section */

/* Begin PBXProject section */
		65D56B771BF48E52007286CE /* Project object */ = {
			isa = PBXProject;
			attributes = {
				LastSwiftUpdateCheck = 0710;
				LastUpgradeCheck = 0710;
				ORGANIZATIONNAME = YanMingyue;
				TargetAttributes = {
					65D56B7E1BF48E52007286CE = {
						CreatedOnToolsVersion = 7.1;
					};
					65D56B921BF48E52007286CE = {
						CreatedOnToolsVersion = 7.1;
						TestTargetID = 65D56B7E1BF48E52007286CE;
					};
					65D56B9D1BF48E52007286CE = {
						CreatedOnToolsVersion = 7.1;
						TestTargetID = 65D56B7E1BF48E52007286CE;
					};
				};
			};
			buildConfigurationList = 65D56B7A1BF48E52007286CE /* Build configuration list for PBXProject "CustomTools" */;
			compatibilityVersion = "Xcode 3.2";
			developmentRegion = English;
			hasScannedForEncodings = 0;
			knownRegions = (
				en,
				Base,
			);
			mainGroup = 65D56B761BF48E52007286CE;
			productRefGroup = 65D56B801BF48E52007286CE /* Products */;
			projectDirPath = "";
			projectRoot = "";
			targets = (
				65D56B7E1BF48E52007286CE /* CustomTools */,
				65D56B921BF48E52007286CE /* CustomToolsTests */,
				65D56B9D1BF48E52007286CE /* CustomToolsUITests */,
			);
		};
/* End PBXProject section */

/* Begin PBXResourcesBuildPhase section */
		65D56B7D1BF48E52007286CE /* Resources */ = {
			isa = PBXResourcesBuildPhase;
			buildActionMask = 2147483647;
			files = (
				65D56B8D1BF48E52007286CE /* LaunchScreen.storyboard in Resources */,
				65D56B8A1BF48E52007286CE /* Assets.xcassets in Resources */,
				65B545911BF4C51A00EFB519 /* loginIn.png in Resources */,
			);
			runOnlyForDeploymentPostprocessing = 0;
		};
		65D56B911BF48E52007286CE /* Resources */ = {
			isa = PBXResourcesBuildPhase;
			buildActionMask = 2147483647;
			files = (
			);
			runOnlyForDeploymentPostprocessing = 0;
		};
		65D56B9C1BF48E52007286CE /* Resources */ = {
			isa = PBXResourcesBuildPhase;
			buildActionMask = 2147483647;
			files = (
			);
			runOnlyForDeploymentPostprocessing = 0;
		};
/* End PBXResourcesBuildPhase section */

/* Begin PBXSourcesBuildPhase section */
		65D56B7B1BF48E52007286CE /* Sources */ = {
			isa = PBXSourcesBuildPhase;
			buildActionMask = 2147483647;
			files = (
				65A9A63F1BF8D00D00E00343 /* CreatNewHabitViewController.swift in Sources */,
				65D56B831BF48E52007286CE /* AppDelegate.swift in Sources */,
				65D56BB51BF49502007286CE /* SignInView.swift in Sources */,
				65D56BB21BF49179007286CE /* SignInViewController.swift in Sources */,
				65B545951BF4C94C00EFB519 /* GrapAnalysisViewController.swift in Sources */,
			);
			runOnlyForDeploymentPostprocessing = 0;
		};
		65D56B8F1BF48E52007286CE /* Sources */ = {
			isa = PBXSourcesBuildPhase;
			buildActionMask = 2147483647;
			files = (
				65D56B981BF48E52007286CE /* CustomToolsTests.swift in Sources */,
			);
			runOnlyForDeploymentPostprocessing = 0;
		};
		65D56B9A1BF48E52007286CE /* Sources */ = {
			isa = PBXSourcesBuildPhase;
			buildActionMask = 2147483647;
			files = (
				65D56BA31BF48E52007286CE /* CustomToolsUITests.swift in Sources */,
			);
			runOnlyForDeploymentPostprocessing = 0;
		};
/* End PBXSourcesBuildPhase section */

/* Begin PBXTargetDependency section */
		65D56B951BF48E52007286CE /* PBXTargetDependency */ = {
			isa = PBXTargetDependency;
			target = 65D56B7E1BF48E52007286CE /* CustomTools */;
			targetProxy = 65D56B941BF48E52007286CE /* PBXContainerItemProxy */;
		};
		65D56BA01BF48E52007286CE /* PBXTargetDependency */ = {
			isa = PBXTargetDependency;
			target = 65D56B7E1BF48E52007286CE /* CustomTools */;
			targetProxy = 65D56B9F1BF48E52007286CE /* PBXContainerItemProxy */;
		};
/* End PBXTargetDependency section */

/* Begin PBXVariantGroup section */
		65D56B8B1BF48E52007286CE /* LaunchScreen.storyboard */ = {
			isa = PBXVariantGroup;
			children = (
				65D56B8C1BF48E52007286CE /* Base */,
			);
			name = LaunchScreen.storyboard;
			sourceTree = "<group>";
		};
/* End PBXVariantGroup section */

/* Begin XCBuildConfiguration section */
		65D56BA51BF48E52007286CE /* Debug */ = {
			isa = XCBuildConfiguration;
			buildSettings = {
				ALWAYS_SEARCH_USER_PATHS = NO;
				CLANG_CXX_LANGUAGE_STANDARD = "gnu++0x";
				CLANG_CXX_LIBRARY = "libc++";
				CLANG_ENABLE_MODULES = YES;
				CLANG_ENABLE_OBJC_ARC = YES;
				CLANG_WARN_BOOL_CONVERSION = YES;
				CLANG_WARN_CONSTANT_CONVERSION = YES;
				CLANG_WARN_DIRECT_OBJC_ISA_USAGE = YES_ERROR;
				CLANG_WARN_EMPTY_BODY = YES;
				CLANG_WARN_ENUM_CONVERSION = YES;
				CLANG_WARN_INT_CONVERSION = YES;
				CLANG_WARN_OBJC_ROOT_CLASS = YES_ERROR;
				CLANG_WARN_UNREACHABLE_CODE = YES;
				CLANG_WARN__DUPLICATE_METHOD_MATCH = YES;
				"CODE_SIGN_IDENTITY[sdk=iphoneos*]" = "iPhone Developer";
				COPY_PHASE_STRIP = NO;
				DEBUG_INFORMATION_FORMAT = dwarf;
				ENABLE_STRICT_OBJC_MSGSEND = YES;
				ENABLE_TESTABILITY = YES;
				GCC_C_LANGUAGE_STANDARD = gnu99;
				GCC_DYNAMIC_NO_PIC = NO;
				GCC_NO_COMMON_BLOCKS = YES;
				GCC_OPTIMIZATION_LEVEL = 0;
				GCC_PREPROCESSOR_DEFINITIONS = (
					"DEBUG=1",
					"$(inherited)",
				);
				GCC_WARN_64_TO_32_BIT_CONVERSION = YES;
				GCC_WARN_ABOUT_RETURN_TYPE = YES_ERROR;
				GCC_WARN_UNDECLARED_SELECTOR = YES;
				GCC_WARN_UNINITIALIZED_AUTOS = YES_AGGRESSIVE;
				GCC_WARN_UNUSED_FUNCTION = YES;
				GCC_WARN_UNUSED_VARIABLE = YES;
				IPHONEOS_DEPLOYMENT_TARGET = 9.1;
				MTL_ENABLE_DEBUG_INFO = YES;
				ONLY_ACTIVE_ARCH = YES;
				SDKROOT = iphoneos;
				SWIFT_OPTIMIZATION_LEVEL = "-Onone";
				TARGETED_DEVICE_FAMILY = "1,2";
			};
			name = Debug;
		};
		65D56BA61BF48E52007286CE /* Release */ = {
			isa = XCBuildConfiguration;
			buildSettings = {
				ALWAYS_SEARCH_USER_PATHS = NO;
				CLANG_CXX_LANGUAGE_STANDARD = "gnu++0x";
				CLANG_CXX_LIBRARY = "libc++";
				CLANG_ENABLE_MODULES = YES;
				CLANG_ENABLE_OBJC_ARC = YES;
				CLANG_WARN_BOOL_CONVERSION = YES;
				CLANG_WARN_CONSTANT_CONVERSION = YES;
				CLANG_WARN_DIRECT_OBJC_ISA_USAGE = YES_ERROR;
				CLANG_WARN_EMPTY_BODY = YES;
				CLANG_WARN_ENUM_CONVERSION = YES;
				CLANG_WARN_INT_CONVERSION = YES;
				CLANG_WARN_OBJC_ROOT_CLASS = YES_ERROR;
				CLANG_WARN_UNREACHABLE_CODE = YES;
				CLANG_WARN__DUPLICATE_METHOD_MATCH = YES;
				"CODE_SIGN_IDENTITY[sdk=iphoneos*]" = "iPhone Developer";
				COPY_PHASE_STRIP = NO;
				DEBUG_INFORMATION_FORMAT = "dwarf-with-dsym";
				ENABLE_NS_ASSERTIONS = NO;
				ENABLE_STRICT_OBJC_MSGSEND = YES;
				GCC_C_LANGUAGE_STANDARD = gnu99;
				GCC_NO_COMMON_BLOCKS = YES;
				GCC_WARN_64_TO_32_BIT_CONVERSION = YES;
				GCC_WARN_ABOUT_RETURN_TYPE = YES_ERROR;
				GCC_WARN_UNDECLARED_SELECTOR = YES;
				GCC_WARN_UNINITIALIZED_AUTOS = YES_AGGRESSIVE;
				GCC_WARN_UNUSED_FUNCTION = YES;
				GCC_WARN_UNUSED_VARIABLE = YES;
				IPHONEOS_DEPLOYMENT_TARGET = 9.1;
				MTL_ENABLE_DEBUG_INFO = NO;
				SDKROOT = iphoneos;
				TARGETED_DEVICE_FAMILY = "1,2";
				VALIDATE_PRODUCT = YES;
			};
			name = Release;
		};
		65D56BA81BF48E52007286CE /* Debug */ = {
			isa = XCBuildConfiguration;
			buildSettings = {
				ASSETCATALOG_COMPILER_APPICON_NAME = AppIcon;
				INFOPLIST_FILE = CustomTools/Info.plist;
				LD_RUNPATH_SEARCH_PATHS = "$(inherited) @executable_path/Frameworks";
				PRODUCT_BUNDLE_IDENTIFIER = test.CustomTools;
				PRODUCT_NAME = "$(TARGET_NAME)";
			};
			name = Debug;
		};
		65D56BA91BF48E52007286CE /* Release */ = {
			isa = XCBuildConfiguration;
			buildSettings = {
				ASSETCATALOG_COMPILER_APPICON_NAME = AppIcon;
				INFOPLIST_FILE = CustomTools/Info.plist;
				LD_RUNPATH_SEARCH_PATHS = "$(inherited) @executable_path/Frameworks";
				PRODUCT_BUNDLE_IDENTIFIER = test.CustomTools;
				PRODUCT_NAME = "$(TARGET_NAME)";
			};
			name = Release;
		};
		65D56BAB1BF48E52007286CE /* Debug */ = {
			isa = XCBuildConfiguration;
			buildSettings = {
				BUNDLE_LOADER = "$(TEST_HOST)";
				INFOPLIST_FILE = CustomToolsTests/Info.plist;
				LD_RUNPATH_SEARCH_PATHS = "$(inherited) @executable_path/Frameworks @loader_path/Frameworks";
				PRODUCT_BUNDLE_IDENTIFIER = test.CustomToolsTests;
				PRODUCT_NAME = "$(TARGET_NAME)";
				TEST_HOST = "$(BUILT_PRODUCTS_DIR)/CustomTools.app/CustomTools";
			};
			name = Debug;
		};
		65D56BAC1BF48E52007286CE /* Release */ = {
			isa = XCBuildConfiguration;
			buildSettings = {
				BUNDLE_LOADER = "$(TEST_HOST)";
				INFOPLIST_FILE = CustomToolsTests/Info.plist;
				LD_RUNPATH_SEARCH_PATHS = "$(inherited) @executable_path/Frameworks @loader_path/Frameworks";
				PRODUCT_BUNDLE_IDENTIFIER = test.CustomToolsTests;
				PRODUCT_NAME = "$(TARGET_NAME)";
				TEST_HOST = "$(BUILT_PRODUCTS_DIR)/CustomTools.app/CustomTools";
			};
			name = Release;
		};
		65D56BAE1BF48E52007286CE /* Debug */ = {
			isa = XCBuildConfiguration;
			buildSettings = {
				INFOPLIST_FILE = CustomToolsUITests/Info.plist;
				LD_RUNPATH_SEARCH_PATHS = "$(inherited) @executable_path/Frameworks @loader_path/Frameworks";
				PRODUCT_BUNDLE_IDENTIFIER = test.CustomToolsUITests;
				PRODUCT_NAME = "$(TARGET_NAME)";
				TEST_TARGET_NAME = CustomTools;
				USES_XCTRUNNER = YES;
			};
			name = Debug;
		};
		65D56BAF1BF48E52007286CE /* Release */ = {
			isa = XCBuildConfiguration;
			buildSettings = {
				INFOPLIST_FILE = CustomToolsUITests/Info.plist;
				LD_RUNPATH_SEARCH_PATHS = "$(inherited) @executable_path/Frameworks @loader_path/Frameworks";
				PRODUCT_BUNDLE_IDENTIFIER = test.CustomToolsUITests;
				PRODUCT_NAME = "$(TARGET_NAME)";
				TEST_TARGET_NAME = CustomTools;
				USES_XCTRUNNER = YES;
			};
			name = Release;
		};
/* End XCBuildConfiguration section */

/* Begin XCConfigurationList section */
		65D56B7A1BF48E52007286CE /* Build configuration list for PBXProject "CustomTools" */ = {
			isa = XCConfigurationList;
			buildConfigurations = (
				65D56BA51BF48E52007286CE /* Debug */,
				65D56BA61BF48E52007286CE /* Release */,
			);
			defaultConfigurationIsVisible = 0;
			defaultConfigurationName = Release;
		};
		65D56BA71BF48E52007286CE /* Build configuration list for PBXNativeTarget "CustomTools" */ = {
			isa = XCConfigurationList;
			buildConfigurations = (
				65D56BA81BF48E52007286CE /* Debug */,
				65D56BA91BF48E52007286CE /* Release */,
			);
			defaultConfigurationIsVisible = 0;
			defaultConfigurationName = Release;
		};
		65D56BAA1BF48E52007286CE /* Build configuration list for PBXNativeTarget "CustomToolsTests" */ = {
			isa = XCConfigurationList;
			buildConfigurations = (
				65D56BAB1BF48E52007286CE /* Debug */,
				65D56BAC1BF48E52007286CE /* Release */,
			);
			defaultConfigurationIsVisible = 0;
			defaultConfigurationName = Release;
		};
		65D56BAD1BF48E52007286CE /* Build configuration list for PBXNativeTarget "CustomToolsUITests" */ = {
			isa = XCConfigurationList;
			buildConfigurations = (
				65D56BAE1BF48E52007286CE /* Debug */,
				65D56BAF1BF48E52007286CE /* Release */,
			);
			defaultConfigurationIsVisible = 0;
			defaultConfigurationName = Release;
		};
/* End XCConfigurationList section */
	};
	rootObject = 65D56B771BF48E52007286CE /* Project object */;
}
